{
    "_readme": [
        "This file locks the dependencies of your project to a known state",
        "Read more about it at https://getcomposer.org/doc/01-basic-usage.md#installing-dependencies",
        "This file is @generated automatically"
    ],
    "content-hash": "4f7abd7a8b9e8e987efc852e337fb3d7",
    "packages": [
        {
            "name": "matthiasmullie/minify",
            "version": "1.3.73",
            "source": {
                "type": "git",
                "url": "https://github.com/matthiasmullie/minify.git",
                "reference": "cb7a9297b4ab070909cefade30ee95054d4ae87a"
            },
            "dist": {
                "type": "zip",
                "url": "https://api.github.com/repos/matthiasmullie/minify/zipball/cb7a9297b4ab070909cefade30ee95054d4ae87a",
                "reference": "cb7a9297b4ab070909cefade30ee95054d4ae87a",
                "shasum": ""
            },
            "require": {
                "ext-pcre": "*",
                "matthiasmullie/path-converter": "~1.1",
                "php": ">=5.3.0"
            },
            "require-dev": {
                "friendsofphp/php-cs-fixer": ">=2.0",
                "matthiasmullie/scrapbook": ">=1.3",
                "phpunit/phpunit": ">=4.8",
                "squizlabs/php_codesniffer": ">=3.0"
            },
            "suggest": {
                "psr/cache-implementation": "Cache implementation to use with Minify::cache"
            },
            "bin": [
                "bin/minifycss",
                "bin/minifyjs"
            ],
            "type": "library",
            "autoload": {
                "psr-4": {
                    "MatthiasMullie\\Minify\\": "src/"
                }
            },
            "notification-url": "https://packagist.org/downloads/",
            "license": [
                "MIT"
            ],
            "authors": [
                {
                    "name": "Matthias Mullie",
                    "email": "minify@mullie.eu",
                    "homepage": "https://www.mullie.eu",
                    "role": "Developer"
                }
            ],
            "description": "CSS & JavaScript minifier, in PHP. Removes whitespace, strips comments, combines files (incl. @import statements and small assets in CSS files), and optimizes/shortens a few common programming patterns.",
            "homepage": "https://github.com/matthiasmullie/minify",
            "keywords": [
                "JS",
                "css",
                "javascript",
                "minifier",
                "minify"
            ],
            "support": {
                "issues": "https://github.com/matthiasmullie/minify/issues",
                "source": "https://github.com/matthiasmullie/minify/tree/1.3.73"
            },
            "funding": [
                {
                    "url": "https://github.com/matthiasmullie",
                    "type": "github"
                }
            ],
            "time": "2024-03-15T10:27:10+00:00"
        },
        {
            "name": "matthiasmullie/path-converter",
            "version": "1.1.3",
            "source": {
                "type": "git",
                "url": "https://github.com/matthiasmullie/path-converter.git",
                "reference": "e7d13b2c7e2f2268e1424aaed02085518afa02d9"
            },
            "dist": {
                "type": "zip",
                "url": "https://api.github.com/repos/matthiasmullie/path-converter/zipball/e7d13b2c7e2f2268e1424aaed02085518afa02d9",
                "reference": "e7d13b2c7e2f2268e1424aaed02085518afa02d9",
                "shasum": ""
            },
            "require": {
                "ext-pcre": "*",
                "php": ">=5.3.0"
            },
            "require-dev": {
                "phpunit/phpunit": "~4.8"
            },
            "type": "library",
            "autoload": {
                "psr-4": {
                    "MatthiasMullie\\PathConverter\\": "src/"
                }
            },
            "notification-url": "https://packagist.org/downloads/",
            "license": [
                "MIT"
            ],
            "authors": [
                {
                    "name": "Matthias Mullie",
                    "email": "pathconverter@mullie.eu",
                    "homepage": "http://www.mullie.eu",
                    "role": "Developer"
                }
            ],
            "description": "Relative path converter",
            "homepage": "http://github.com/matthiasmullie/path-converter",
            "keywords": [
                "converter",
                "path",
                "paths",
                "relative"
            ],
            "support": {
                "issues": "https://github.com/matthiasmullie/path-converter/issues",
                "source": "https://github.com/matthiasmullie/path-converter/tree/1.1.3"
            },
            "time": "2019-02-05T23:41:09+00:00"
        },
        {
            "name": "psr/cache",
            "version": "1.0.1",
            "source": {
                "type": "git",
                "url": "https://github.com/php-fig/cache.git",
                "reference": "d11b50ad223250cf17b86e38383413f5a6764bf8"
            },
            "dist": {
                "type": "zip",
                "url": "https://api.github.com/repos/php-fig/cache/zipball/d11b50ad223250cf17b86e38383413f5a6764bf8",
                "reference": "d11b50ad223250cf17b86e38383413f5a6764bf8",
                "shasum": ""
            },
            "require": {
                "php": ">=5.3.0"
            },
            "type": "library",
            "extra": {
                "branch-alias": {
                    "dev-master": "1.0.x-dev"
                }
            },
            "autoload": {
                "psr-4": {
                    "Psr\\Cache\\": "src/"
                }
            },
            "notification-url": "https://packagist.org/downloads/",
            "license": [
                "MIT"
            ],
            "authors": [
                {
                    "name": "PHP-FIG",
                    "homepage": "http://www.php-fig.org/"
                }
            ],
            "description": "Common interface for caching libraries",
            "keywords": [
                "cache",
                "psr",
                "psr-6"
            ],
            "support": {
                "source": "https://github.com/php-fig/cache/tree/master"
            },
            "time": "2016-08-06T20:24:11+00:00"
        },
        {
            "name": "whichbrowser/parser",
            "version": "v2.1.8",
            "source": {
                "type": "git",
                "url": "https://github.com/WhichBrowser/Parser-PHP.git",
                "reference": "581d614d686bfbec3529ad60562a5213ac5d8d72"
            },
            "dist": {
                "type": "zip",
                "url": "https://api.github.com/repos/WhichBrowser/Parser-PHP/zipball/581d614d686bfbec3529ad60562a5213ac5d8d72",
                "reference": "581d614d686bfbec3529ad60562a5213ac5d8d72",
                "shasum": ""
            },
            "require": {
                "php": ">=5.4.0",
                "psr/cache": "^1.0 || ^2.0 || ^3.0"
            },
            "require-dev": {
                "cache/array-adapter": "^1.1",
                "icomefromthenet/reverse-regex": "0.0.6.3",
                "php-coveralls/php-coveralls": "^2.0",
                "phpunit/php-code-coverage": "^5.0 || ^7.0",
                "phpunit/phpunit": "^6.0 || ^8.0",
                "squizlabs/php_codesniffer": "^3.5",
                "symfony/yaml": "~3.4 || ~4.0"
            },
            "suggest": {
                "cache/array-adapter": "Allows testing of the caching functionality"
            },
            "type": "library",
            "autoload": {
                "psr-4": {
                    "WhichBrowser\\": [
                        "src/"
                    ]
                }
            },
            "notification-url": "https://packagist.org/downloads/",
            "license": [
                "MIT"
            ],
            "authors": [
                {
                    "name": "Niels Leenheer",
                    "email": "niels@leenheer.nl",
                    "role": "Developer"
                }
            ],
            "description": "Useragent sniffing library for PHP",
            "homepage": "http://whichbrowser.net",
            "keywords": [
                "browser",
                "sniffing",
                "ua",
                "useragent"
            ],
            "support": {
                "issues": "https://github.com/WhichBrowser/Parser-PHP/issues",
                "source": "https://github.com/WhichBrowser/Parser-PHP/tree/v2.1.8"
            },
            "time": "2024-04-17T12:47:41+00:00"
        }
    ],
    "packages-dev": [],
    "aliases": [],
    "minimum-stability": "stable",
    "stability-flags": [],
    "prefer-stable": false,
    "prefer-lowest": false,
    "platform": [],
    "platform-dev": [],
    "plugin-api-version": "2.3.0"
}
